// !$*UTF8*$!
{
	archiveVersion = 1;
	classes = {
	};
	objectVersion = 48;
	objects = {

/* Begin PBXBuildFile section */
		3E2ACDE9498A1728433AECAE /* libPods-A.a in Frameworks */ = {isa = PBXBuildFile; fileRef = D49BD0507B020695493F2395 /* libPods-A.a */; };
		CDC8EA07201979A30014B563 /* AppDelegate.m in Sources */ = {isa = PBXBuildFile; fileRef = CDC8EA06201979A30014B563 /* AppDelegate.m */; };
		CDC8EA0A201979A30014B563 /* ViewController.m in Sources */ = {isa = PBXBuildFile; fileRef = CDC8EA09201979A30014B563 /* ViewController.m */; };
		CDC8EA0D201979A30014B563 /* Main.storyboard in Resources */ = {isa = PBXBuildFile; fileRef = CDC8EA0B201979A30014B563 /* Main.storyboard */; };
		CDC8EA0F201979A30014B563 /* Assets.xcassets in Resources */ = {isa = PBXBuildFile; fileRef = CDC8EA0E201979A30014B563 /* Assets.xcassets */; };
		CDC8EA12201979A30014B563 /* LaunchScreen.storyboard in Resources */ = {isa = PBXBuildFile; fileRef = CDC8EA10201979A30014B563 /* LaunchScreen.storyboard */; };
		CDC8EA15201979A30014B563 /* main.m in Sources */ = {isa = PBXBuildFile; fileRef = CDC8EA14201979A30014B563 /* main.m */; };
		CDC8EA1E20197B570014B563 /* AViewController.m in Sources */ = {isa = PBXBuildFile; fileRef = CDC8EA1D20197B560014B563 /* AViewController.m */; };
		CDE499F12019B44100C2BB69 /* Target_A.m in Sources */ = {isa = PBXBuildFile; fileRef = CDE499F02019B44000C2BB69 /* Target_A.m */; };
/* End PBXBuildFile section */

/* Begin PBXFileReference section */
		70B0D0EC98CE4C174D9F6990 /* Pods-A.debug.xcconfig */ = {isa = PBXFileReference; includeInIndex = 1; lastKnownFileType = text.xcconfig; name = "Pods-A.debug.xcconfig"; path = "Pods/Target Support Files/Pods-A/Pods-A.debug.xcconfig"; sourceTree = "<group>"; };
		81C2F23874A030C2008789D1 /* Pods-A.release.xcconfig */ = {isa = PBXFileReference; includeInIndex = 1; lastKnownFileType = text.xcconfig; name = "Pods-A.release.xcconfig"; path = "Pods/Target Support Files/Pods-A/Pods-A.release.xcconfig"; sourceTree = "<group>"; };
		CDC8EA02201979A30014B563 /* A.app */ = {isa = PBXFileReference; explicitFileType = wrapper.application; includeInIndex = 0; path = A.app; sourceTree = BUILT_PRODUCTS_DIR; };
		CDC8EA05201979A30014B563 /* AppDelegate.h */ = {isa = PBXFileReference; lastKnownFileType = sourcecode.c.h; path = AppDelegate.h; sourceTree = "<group>"; };
		CDC8EA06201979A30014B563 /* AppDelegate.m */ = {isa = PBXFileReference; lastKnownFileType = sourcecode.c.objc; path = AppDelegate.m; sourceTree = "<group>"; };
		CDC8EA08201979A30014B563 /* ViewController.h */ = {isa = PBXFileReference; lastKnownFileType = sourcecode.c.h; path = ViewController.h; sourceTree = "<group>"; };
		CDC8EA09201979A30014B563 /* ViewController.m */ = {isa = PBXFileReference; lastKnownFileType = sourcecode.c.objc; path = ViewController.m; sourceTree = "<group>"; };
		CDC8EA0C201979A30014B563 /* Base */ = {isa = PBXFileReference; lastKnownFileType = file.storyboard; name = Base; path = Base.lproj/Main.storyboard; sourceTree = "<group>"; };
		CDC8EA0E201979A30014B563 /* Assets.xcassets */ = {isa = PBXFileReference; lastKnownFileType = folder.assetcatalog; path = Assets.xcassets; sourceTree = "<group>"; };
		CDC8EA11201979A30014B563 /* Base */ = {isa = PBXFileReference; lastKnownFileType = file.storyboard; name = Base; path = Base.lproj/LaunchScreen.storyboard; sourceTree = "<group>"; };
		CDC8EA13201979A30014B563 /* Info.plist */ = {isa = PBXFileReference; lastKnownFileType = text.plist.xml; path = Info.plist; sourceTree = "<group>"; };
		CDC8EA14201979A30014B563 /* main.m */ = {isa = PBXFileReference; lastKnownFileType = sourcecode.c.objc; path = main.m; sourceTree = "<group>"; };
		CDC8EA1C20197B560014B563 /* AViewController.h */ = {isa = PBXFileReference; fileEncoding = 4; lastKnownFileType = sourcecode.c.h; path = AViewController.h; sourceTree = "<group>"; };
		CDC8EA1D20197B560014B563 /* AViewController.m */ = {isa = PBXFileReference; fileEncoding = 4; lastKnownFileType = sourcecode.c.objc; path = AViewController.m; sourceTree = "<group>"; };
		CDE499EF2019B44000C2BB69 /* Target_A.h */ = {isa = PBXFileReference; fileEncoding = 4; lastKnownFileType = sourcecode.c.h; path = Target_A.h; sourceTree = "<group>"; };
		CDE499F02019B44000C2BB69 /* Target_A.m */ = {isa = PBXFileReference; fileEncoding = 4; lastKnownFileType = sourcecode.c.objc; path = Target_A.m; sourceTree = "<group>"; };
		D49BD0507B020695493F2395 /* libPods-A.a */ = {isa = PBXFileReference; explicitFileType = archive.ar; includeInIndex = 0; path = "libPods-A.a"; sourceTree = BUILT_PRODUCTS_DIR; };
/* End PBXFileReference section */

/* Begin PBXFrameworksBuildPhase section */
		CDC8E9FF201979A30014B563 /* Frameworks */ = {
			isa = PBXFrameworksBuildPhase;
			buildActionMask = 2147483647;
			files = (
				3E2ACDE9498A1728433AECAE /* libPods-A.a in Frameworks */,
			);
			runOnlyForDeploymentPostprocessing = 0;
		};
/* End PBXFrameworksBuildPhase section */

/* Begin PBXGroup section */
		4A873A58162F3804146745E4 /* Frameworks */ = {
			isa = PBXGroup;
			children = (
				D49BD0507B020695493F2395 /* libPods-A.a */,
			);
			name = Frameworks;
			sourceTree = "<group>";
		};
		82AADBF6456657A83D1CC227 /* Pods */ = {
			isa = PBXGroup;
			children = (
				70B0D0EC98CE4C174D9F6990 /* Pods-A.debug.xcconfig */,
				81C2F23874A030C2008789D1 /* Pods-A.release.xcconfig */,
			);
			name = Pods;
			sourceTree = "<group>";
		};
		CDC8E9F9201979A30014B563 = {
			isa = PBXGroup;
			children = (
				CDC8EA04201979A30014B563 /* A */,
				CDC8EA03201979A30014B563 /* Products */,
				82AADBF6456657A83D1CC227 /* Pods */,
				4A873A58162F3804146745E4 /* Frameworks */,
			);
			sourceTree = "<group>";
		};
		CDC8EA03201979A30014B563 /* Products */ = {
			isa = PBXGroup;
			children = (
				CDC8EA02201979A30014B563 /* A.app */,
			);
			name = Products;
			sourceTree = "<group>";
		};
		CDC8EA04201979A30014B563 /* A */ = {
			isa = PBXGroup;
			children = (
				CDC8EA1B20197B560014B563 /* A */,
				CDC8EA05201979A30014B563 /* AppDelegate.h */,
				CDC8EA06201979A30014B563 /* AppDelegate.m */,
				CDC8EA08201979A30014B563 /* ViewController.h */,
				CDC8EA09201979A30014B563 /* ViewController.m */,
				CDC8EA0B201979A30014B563 /* Main.storyboard */,
				CDC8EA0E201979A30014B563 /* Assets.xcassets */,
				CDC8EA10201979A30014B563 /* LaunchScreen.storyboard */,
				CDC8EA13201979A30014B563 /* Info.plist */,
				CDC8EA14201979A30014B563 /* main.m */,
			);
			path = A;
			sourceTree = "<group>";
		};
		CDC8EA1B20197B560014B563 /* A */ = {
			isa = PBXGroup;
			children = (
				CDC8EA1C20197B560014B563 /* AViewController.h */,
				CDC8EA1D20197B560014B563 /* AViewController.m */,
				CDE499EF2019B44000C2BB69 /* Target_A.h */,
				CDE499F02019B44000C2BB69 /* Target_A.m */,
			);
			path = A;
			sourceTree = "<group>";
		};
/* End PBXGroup section */

/* Begin PBXNativeTarget section */
		CDC8EA01201979A30014B563 /* A */ = {
			isa = PBXNativeTarget;
			buildConfigurationList = CDC8EA18201979A30014B563 /* Build configuration list for PBXNativeTarget "A" */;
			buildPhases = (
				3212B315259439E6088C0279 /* [CP] Check Pods Manifest.lock */,
				CDC8E9FE201979A30014B563 /* Sources */,
				CDC8E9FF201979A30014B563 /* Frameworks */,
				CDC8EA00201979A30014B563 /* Resources */,
				5FBACF2E377F8A7671FC0CB9 /* [CP] Embed Pods Frameworks */,
				C3E14CCECBBEB572E4D872AC /* [CP] Copy Pods Resources */,
			);
			buildRules = (
			);
			dependencies = (
			);
			name = A;
			productName = A;
			productReference = CDC8EA02201979A30014B563 /* A.app */;
			productType = "com.apple.product-type.application";
		};
/* End PBXNativeTarget section */

/* Begin PBXProject section */
		CDC8E9FA201979A30014B563 /* Project object */ = {
			isa = PBXProject;
			attributes = {
				LastUpgradeCheck = 0910;
				ORGANIZATIONNAME = "张常伟";
				TargetAttributes = {
					CDC8EA01201979A30014B563 = {
						CreatedOnToolsVersion = 9.1;
						ProvisioningStyle = Automatic;
					};
				};
			};
			buildConfigurationList = CDC8E9FD201979A30014B563 /* Build configuration list for PBXProject "A" */;
			compatibilityVersion = "Xcode 8.0";
			developmentRegion = en;
			hasScannedForEncodings = 0;
			knownRegions = (
				en,
				Base,
			);
			mainGroup = CDC8E9F9201979A30014B563;
			productRefGroup = CDC8EA03201979A30014B563 /* Products */;
			projectDirPath = "";
			projectRoot = "";
			targets = (
				CDC8EA01201979A30014B563 /* A */,
			);
		};
/* End PBXProject section */

/* Begin PBXResourcesBuildPhase section */
		CDC8EA00201979A30014B563 /* Resources */ = {
			isa = PBXResourcesBuildPhase;
			buildActionMask = 2147483647;
			files = (
				CDC8EA12201979A30014B563 /* LaunchScreen.storyboard in Resources */,
				CDC8EA0F201979A30014B563 /* Assets.xcassets in Resources */,
				CDC8EA0D201979A30014B563 /* Main.storyboard in Resources */,
			);
			runOnlyForDeploymentPostprocessing = 0;
		};
/* End PBXResourcesBuildPhase section */

/* Begin PBXShellScriptBuildPhase section */
		3212B315259439E6088C0279 /* [CP] Check Pods Manifest.lock */ = {
			isa = PBXShellScriptBuildPhase;
			buildActionMask = 2147483647;
			files = (
			);
			inputPaths = (
				"${PODS_PODFILE_DIR_PATH}/Podfile.lock",
				"${PODS_ROOT}/Manifest.lock",
			);
			name = "[CP] Check Pods Manifest.lock";
			outputPaths = (
				"$(DERIVED_FILE_DIR)/Pods-A-checkManifestLockResult.txt",
			);
			runOnlyForDeploymentPostprocessing = 0;
			shellPath = /bin/sh;
			shellScript = "diff \"${PODS_PODFILE_DIR_PATH}/Podfile.lock\" \"${PODS_ROOT}/Manifest.lock\" > /dev/null\nif [ $? != 0 ] ; then\n    # print error to STDERR\n    echo \"error: The sandbox is not in sync with the Podfile.lock. Run 'pod install' or update your CocoaPods installation.\" >&2\n    exit 1\nfi\n# This output is used by Xcode 'outputs' to avoid re-running this script phase.\necho \"SUCCESS\" > \"${SCRIPT_OUTPUT_FILE_0}\"\n";
			showEnvVarsInLog = 0;
		};
		5FBACF2E377F8A7671FC0CB9 /* [CP] Embed Pods Frameworks */ = {
			isa = PBXShellScriptBuildPhase;
			buildActionMask = 2147483647;
			files = (
			);
			inputPaths = (
			);
			name = "[CP] Embed Pods Frameworks";
			outputPaths = (
			);
			runOnlyForDeploymentPostprocessing = 0;
			shellPath = /bin/sh;
			shellScript = "\"${SRCROOT}/Pods/Target Support Files/Pods-A/Pods-A-frameworks.sh\"\n";
			showEnvVarsInLog = 0;
		};
		C3E14CCECBBEB572E4D872AC /* [CP] Copy Pods Resources */ = {
			isa = PBXShellScriptBuildPhase;
			buildActionMask = 2147483647;
			files = (
			);
			inputPaths = (
			);
			name = "[CP] Copy Pods Resources";
			outputPaths = (
			);
			runOnlyForDeploymentPostprocessing = 0;
			shellPath = /bin/sh;
			shellScript = "\"${SRCROOT}/Pods/Target Support Files/Pods-A/Pods-A-resources.sh\"\n";
			showEnvVarsInLog = 0;
		};
/* End PBXShellScriptBuildPhase section */

/* Begin PBXSourcesBuildPhase section */
		CDC8E9FE201979A30014B563 /* Sources */ = {
			isa = PBXSourcesBuildPhase;
			buildActionMask = 2147483647;
			files = (
				CDC8EA1E20197B570014B563 /* AViewController.m in Sources */,
				CDC8EA0A201979A30014B563 /* ViewController.m in Sources */,
				CDE499F12019B44100C2BB69 /* Target_A.m in Sources */,
				CDC8EA15201979A30014B563 /* main.m in Sources */,
				CDC8EA07201979A30014B563 /* AppDelegate.m in Sources */,
			);
			runOnlyForDeploymentPostprocessing = 0;
		};
/* End PBXSourcesBuildPhase section */

/* Begin PBXVariantGroup section */
		CDC8EA0B201979A30014B563 /* Main.storyboard */ = {
			isa = PBXVariantGroup;
			children = (
				CDC8EA0C201979A30014B563 /* Base */,
			);
			name = Main.storyboard;
			sourceTree = "<group>";
		};
		CDC8EA10201979A30014B563 /* LaunchScreen.storyboard */ = {
			isa = PBXVariantGroup;
			children = (
				CDC8EA11201979A30014B563 /* Base */,
			);
			name = LaunchScreen.storyboard;
			sourceTree = "<group>";
		};
/* End PBXVariantGroup section */

/* Begin XCBuildConfiguration section */
		CDC8EA16201979A30014B563 /* Debug */ = {
			isa = XCBuildConfiguration;
			buildSettings = {
				ALWAYS_SEARCH_USER_PATHS = NO;
				CLANG_ANALYZER_NONNULL = YES;
				CLANG_ANALYZER_NUMBER_OBJECT_CONVERSION = YES_AGGRESSIVE;
				CLANG_CXX_LANGUAGE_STANDARD = "gnu++14";
				CLANG_CXX_LIBRARY = "libc++";
				CLANG_ENABLE_MODULES = YES;
				CLANG_ENABLE_OBJC_ARC = YES;
				CLANG_WARN_BLOCK_CAPTURE_AUTORELEASING = YES;
				CLANG_WARN_BOOL_CONVERSION = YES;
				CLANG_WARN_COMMA = YES;
				CLANG_WARN_CONSTANT_CONVERSION = YES;
				CLANG_WARN_DIRECT_OBJC_ISA_USAGE = YES_ERROR;
				CLANG_WARN_DOCUMENTATION_COMMENTS = YES;
				CLANG_WARN_EMPTY_BODY = YES;
				CLANG_WARN_ENUM_CONVERSION = YES;
				CLANG_WARN_INFINITE_RECURSION = YES;
				CLANG_WARN_INT_CONVERSION = YES;
				CLANG_WARN_NON_LITERAL_NULL_CONVERSION = YES;
				CLANG_WARN_OBJC_LITERAL_CONVERSION = YES;
				CLANG_WARN_OBJC_ROOT_CLASS = YES_ERROR;
				CLANG_WARN_RANGE_LOOP_ANALYSIS = YES;
				CLANG_WARN_STRICT_PROTOTYPES = YES;
				CLANG_WARN_SUSPICIOUS_MOVE = YES;
				CLANG_WARN_UNGUARDED_AVAILABILITY = YES_AGGRESSIVE;
				CLANG_WARN_UNREACHABLE_CODE = YES;
				CLANG_WARN__DUPLICATE_METHOD_MATCH = YES;
				CODE_SIGN_IDENTITY = "iPhone Developer";
				COPY_PHASE_STRIP = NO;
				DEBUG_INFORMATION_FORMAT = dwarf;
				ENABLE_STRICT_OBJC_MSGSEND = YES;
				ENABLE_TESTABILITY = YES;
				GCC_C_LANGUAGE_STANDARD = gnu11;
				GCC_DYNAMIC_NO_PIC = NO;
				GCC_NO_COMMON_BLOCKS = YES;
				GCC_OPTIMIZATION_LEVEL = 0;
				GCC_PREPROCESSOR_DEFINITIONS = (
					"DEBUG=1",
					"$(inherited)",
				);
				GCC_WARN_64_TO_32_BIT_CONVERSION = YES;
				GCC_WARN_ABOUT_RETURN_TYPE = YES_ERROR;
				GCC_WARN_UNDECLARED_SELECTOR = YES;
				GCC_WARN_UNINITIALIZED_AUTOS = YES_AGGRESSIVE;
				GCC_WARN_UNUSED_FUNCTION = YES;
				GCC_WARN_UNUSED_VARIABLE = YES;
				IPHONEOS_DEPLOYMENT_TARGET = 11.1;
				MTL_ENABLE_DEBUG_INFO = YES;
				ONLY_ACTIVE_ARCH = YES;
				SDKROOT = iphoneos;
			};
			name = Debug;
		};
		CDC8EA17201979A30014B563 /* Release */ = {
			isa = XCBuildConfiguration;
			buildSettings = {
				ALWAYS_SEARCH_USER_PATHS = NO;
				CLANG_ANALYZER_NONNULL = YES;
				CLANG_ANALYZER_NUMBER_OBJECT_CONVERSION = YES_AGGRESSIVE;
				CLANG_CXX_LANGUAGE_STANDARD = "gnu++14";
				CLANG_CXX_LIBRARY = "libc++";
				CLANG_ENABLE_MODULES = YES;
				CLANG_ENABLE_OBJC_ARC = YES;
				CLANG_WARN_BLOCK_CAPTURE_AUTORELEASING = YES;
				CLANG_WARN_BOOL_CONVERSION = YES;
				CLANG_WARN_COMMA = YES;
				CLANG_WARN_CONSTANT_CONVERSION = YES;
				CLANG_WARN_DIRECT_OBJC_ISA_USAGE = YES_ERROR;
				CLANG_WARN_DOCUMENTATION_COMMENTS = YES;
				CLANG_WARN_EMPTY_BODY = YES;
				CLANG_WARN_ENUM_CONVERSION = YES;
				CLANG_WARN_INFINITE_RECURSION = YES;
				CLANG_WARN_INT_CONVERSION = YES;
				CLANG_WARN_NON_LITERAL_NULL_CONVERSION = YES;
				CLANG_WARN_OBJC_LITERAL_CONVERSION = YES;
				CLANG_WARN_OBJC_ROOT_CLASS = YES_ERROR;
				CLANG_WARN_RANGE_LOOP_ANALYSIS = YES;
				CLANG_WARN_STRICT_PROTOTYPES = YES;
				CLANG_WARN_SUSPICIOUS_MOVE = YES;
				CLANG_WARN_UNGUARDED_AVAILABILITY = YES_AGGRESSIVE;
				CLANG_WARN_UNREACHABLE_CODE = YES;
				CLANG_WARN__DUPLICATE_METHOD_MATCH = YES;
				CODE_SIGN_IDENTITY = "iPhone Developer";
				COPY_PHASE_STRIP = NO;
				DEBUG_INFORMATION_FORMAT = "dwarf-with-dsym";
				ENABLE_NS_ASSERTIONS = NO;
				ENABLE_STRICT_OBJC_MSGSEND = YES;
				GCC_C_LANGUAGE_STANDARD = gnu11;
				GCC_NO_COMMON_BLOCKS = YES;
				GCC_WARN_64_TO_32_BIT_CONVERSION = YES;
				GCC_WARN_ABOUT_RETURN_TYPE = YES_ERROR;
				GCC_WARN_UNDECLARED_SELECTOR = YES;
				GCC_WARN_UNINITIALIZED_AUTOS = YES_AGGRESSIVE;
				GCC_WARN_UNUSED_FUNCTION = YES;
				GCC_WARN_UNUSED_VARIABLE = YES;
				IPHONEOS_DEPLOYMENT_TARGET = 11.1;
				MTL_ENABLE_DEBUG_INFO = NO;
				SDKROOT = iphoneos;
				VALIDATE_PRODUCT = YES;
			};
			name = Release;
		};
		CDC8EA19201979A30014B563 /* Debug */ = {
			isa = XCBuildConfiguration;
			baseConfigurationReference = 70B0D0EC98CE4C174D9F6990 /* Pods-A.debug.xcconfig */;
			buildSettings = {
				ASSETCATALOG_COMPILER_APPICON_NAME = AppIcon;
				CODE_SIGN_STYLE = Automatic;
				DEVELOPMENT_TEAM = QU966DVZTJ;
				INFOPLIST_FILE = A/Info.plist;
				LD_RUNPATH_SEARCH_PATHS = "$(inherited) @executable_path/Frameworks";
				PRODUCT_BUNDLE_IDENTIFIER = com.newsoft.www.A;
				PRODUCT_NAME = "$(TARGET_NAME)";
				TARGETED_DEVICE_FAMILY = "1,2";
			};
			name = Debug;
		};
		CDC8EA1A201979A30014B563 /* Release */ = {
			isa = XCBuildConfiguration;
			baseConfigurationReference = 81C2F23874A030C2008789D1 /* Pods-A.release.xcconfig */;
			buildSettings = {
				ASSETCATALOG_COMPILER_APPICON_NAME = AppIcon;
				CODE_SIGN_STYLE = Automatic;
				DEVELOPMENT_TEAM = QU966DVZTJ;
				INFOPLIST_FILE = A/Info.plist;
				LD_RUNPATH_SEARCH_PATHS = "$(inherited) @executable_path/Frameworks";
				PRODUCT_BUNDLE_IDENTIFIER = com.newsoft.www.A;
				PRODUCT_NAME = "$(TARGET_NAME)";
				TARGETED_DEVICE_FAMILY = "1,2";
			};
			name = Release;
		};
/* End XCBuildConfiguration section */

/* Begin XCConfigurationList section */
		CDC8E9FD201979A30014B563 /* Build configuration list for PBXProject "A" */ = {
			isa = XCConfigurationList;
			buildConfigurations = (
				CDC8EA16201979A30014B563 /* Debug */,
				CDC8EA17201979A30014B563 /* Release */,
			);
			defaultConfigurationIsVisible = 0;
			defaultConfigurationName = Release;
		};
		CDC8EA18201979A30014B563 /* Build configuration list for PBXNativeTarget "A" */ = {
			isa = XCConfigurationList;
			buildConfigurations = (
				CDC8EA19201979A30014B563 /* Debug */,
				CDC8EA1A201979A30014B563 /* Release */,
			);
			defaultConfigurationIsVisible = 0;
			defaultConfigurationName = Release;
		};
/* End XCConfigurationList section */
	};
	rootObject = CDC8E9FA201979A30014B563 /* Project object */;
}
